dependencies:
  espressif/mdns:
    component_hash: 043f989435fd88f771c70507bfde854380c259a8fec8c0d60bcfd8714f16960e
    dependencies:
    - name: idf
      require: private
      version: '>=5.0'
    source:
      registry_url: https://components.espressif.com/
      type: service
    version: 1.10.0
  idf:
    source:
      type: idf
    version: 6.1.0
direct_dependencies:
- espressif/mdns
- idf
manifest_hash: 0eb77bbfa458890aa62a95ef2fcfe8d5e053db43477c6a60d9586d451a20ec65
target: esp32c3
version: 2.0.0
